<?xml version="1.0" encoding="utf-8"?>
<Project ToolsVersion="4.0" xmlns="http://schemas.microsoft.com/developer/msbuild/2003">
  <ItemGroup>
    <ClCompile Include="main.cpp">
      <Filter>core</Filter>
    </ClCompile>
    <ClCompile Include="mLibSource.cpp">
      <Filter>core</Filter>
    </ClCompile>
    <ClCompile Include="vizzer.cpp">
      <Filter>core</Filter>
    </ClCompile>
    <ClCompile Include="..\common\modelDatabase.cpp">
      <Filter>synth</Filter>
    </ClCompile>
    <ClCompile Include="..\common\scene.cpp">
      <Filter>synth</Filter>
    </ClCompile>
    <ClCompile Include="..\common\synthRenderer.cpp">
      <Filter>synth</Filter>
    </ClCompile>
    <ClCompile Include="..\common\synthUtil.cpp">
      <Filter>synth</Filter>
    </ClCompile>
    <ClCompile Include="..\common\materialDatabase.cpp">
      <Filter>synth</Filter>
    </ClCompile>
  </ItemGroup>
  <ItemGroup>
    <ClInclude Include="appState.h">
      <Filter>core</Filter>
    </ClInclude>
    <ClInclude Include="main.h">
      <Filter>core</Filter>
    </ClInclude>
    <ClInclude Include="mLibInclude.h">
      <Filter>core</Filter>
    </ClInclude>
    <ClInclude Include="vizzer.h">
      <Filter>core</Filter>
    </ClInclude>
    <ClInclude Include="..\common\modelDatabase.h">
      <Filter>synth</Filter>
    </ClInclude>
    <ClInclude Include="..\common\constants.h">
      <Filter>synth</Filter>
    </ClInclude>
    <ClInclude Include="..\common\scene.h">
      <Filter>synth</Filter>
    </ClInclude>
    <ClInclude Include="..\common\synthRenderer.h">
      <Filter>synth</Filter>
    </ClInclude>
    <ClInclude Include="..\common\synthUtil.h">
      <Filter>synth</Filter>
    </ClInclude>
    <ClInclude Include="..\common\materialDatabase.h">
      <Filter>synth</Filter>
    </ClInclude>
  </ItemGroup>
  <ItemGroup>
    <Filter Include="core">
      <UniqueIdentifier>{e2bd1d1b-f86c-4480-83d1-3568958eea55}</UniqueIdentifier>
    </Filter>
    <Filter Include="synth">
      <UniqueIdentifier>{4589d5d0-6688-4d91-bfae-4369fdd4d8b6}</UniqueIdentifier>
    </Filter>
  </ItemGroup>
  <ItemGroup>
    <Text Include="temp.txt" />
  </ItemGroup>
</Project>